hash: e38698068d07ac5fcafcdc5c2ec7a7626d8e5bcf47b9923fe0be0be4bc299510
updated: 2018-06-08T16:04:38.195894+02:00
imports:
- name: github.com/attic-labs/graphql
  version: 917f92ca24a759a0e3bfd1b135850f9b0c04682e
  subpackages:
  - gqlerrors
  - language/ast
  - language/kinds
  - language/lexer
  - language/location
  - language/parser
  - language/printer
  - language/source
  - language/typeInfo
  - language/visitor
- name: github.com/attic-labs/noms
  version: 186e0939a5044b182bce9e60dea910bd6bcb5cd9
  repo: https://github.com/oneiro-ndev/noms.git
  subpackages:
  - go/chunks
  - go/constants
  - go/d
  - go/datas
  - go/hash
  - go/marshal
  - go/merge
  - go/metrics
  - go/nbs
  - go/ngql
  - go/nomdl
  - go/sloppy
  - go/spec
  - go/types
  - go/util/exit
  - go/util/functions
  - go/util/random
  - go/util/sizecache
  - go/util/verbose
  - go/util/writers
- name: github.com/aws/aws-sdk-go
  version: 501e7d93a8b119e43174f56683e5aefebb1ff41e
  subpackages:
  - aws
  - aws/awserr
  - aws/awsutil
  - aws/client
  - aws/client/metadata
  - aws/corehandlers
  - aws/credentials
  - aws/credentials/ec2rolecreds
  - aws/credentials/endpointcreds
  - aws/credentials/stscreds
  - aws/csm
  - aws/defaults
  - aws/ec2metadata
  - aws/endpoints
  - aws/request
  - aws/session
  - aws/signer/v4
  - internal/sdkio
  - internal/sdkrand
  - internal/shareddefaults
  - private/protocol
  - private/protocol/eventstream
  - private/protocol/eventstream/eventstreamapi
  - private/protocol/json/jsonutil
  - private/protocol/jsonrpc
  - private/protocol/query
  - private/protocol/query/queryutil
  - private/protocol/rest
  - private/protocol/restxml
  - private/protocol/xml/xmlutil
  - service/dynamodb
  - service/s3
  - service/sts
- name: github.com/bouk/monkey
  version: 5df1f207ff77e025801505ae4d903133a0b4353f
- name: github.com/btcsuite/btcd
  version: 86fed781132ac890ee03e906e4ecd5d6fa180c64
  subpackages:
  - btcec
- name: github.com/BurntSushi/toml
  version: b26d9c308763d68093482582cea63d69be07a0f0
- name: github.com/davecgh/go-spew
  version: 8991bc29aa16c548c550c7ff78260e27b9ab7c73
  subpackages:
  - spew
- name: github.com/dustin/go-humanize
  version: 02af3965c54e8cacf948b97fef38925c4120652c
- name: github.com/ebuchman/fail-test
  version: 95f809107225be108efcf10a3509e4ea6ceef3c4
- name: github.com/go-ini/ini
  version: 06f5f3d67269ccec1fe5fe4134ba6e982984f7f5
- name: github.com/go-kit/kit
  version: ca4112baa34cb55091301bdc13b1420a122b1b9e
  subpackages:
  - log
  - log/level
  - log/term
- name: github.com/go-logfmt/logfmt
  version: 390ab7935ee28ec6b286364bba9b4dd6410cb3d5
- name: github.com/go-stack/stack
  version: 259ab82a6cad3992b4e21ff5cac294ccb06474bc
- name: github.com/gogo/protobuf
  version: 1adfc126b41513cc696b209667c8656ea7aac67c
  subpackages:
  - gogoproto
  - jsonpb
  - proto
  - protoc-gen-gogo/descriptor
  - sortkeys
  - types
- name: github.com/golang/protobuf
  version: b4deda0973fb4c70b50d226b1af49f3da59f5265
  subpackages:
  - proto
  - ptypes
  - ptypes/any
  - ptypes/duration
  - ptypes/timestamp
- name: github.com/golang/snappy
  version: 2e65f85255dbc3072edf28d6b5b8efc472979f5a
- name: github.com/gorilla/websocket
  version: 5ed622c449da6d44c3c8329331ff47a9e5844f71
- name: github.com/howeyc/crc16
  version: 2b2a61e366a66d3efb279e46176e7291001e0354
- name: github.com/jmespath/go-jmespath
  version: c2b33e8439af944379acbdd9c3a5fe0bc44bd8a5
- name: github.com/jmhodges/levigo
  version: c42d9e0ca023e2198120196f842701bb4c55d7b9
- name: github.com/jpillora/backoff
  version: 8eab2debe79d12b7bd3d10653910df25fa9552ba
- name: github.com/juju/gnuflag
  version: 2ce1bb71843d6d179b3f1c1c9cb4a72cd067fc65
- name: github.com/julienschmidt/httprouter
  version: adbc77eec0d91467376ca515bc3a14b8434d0f18
- name: github.com/kch42/buzhash
  version: 9bdec3dec7c611fa97beadc374d75bdf02cd880e
- name: github.com/kr/logfmt
  version: b84e30acd515aadc4b783ad4ff83aff3299bdfe0
- name: github.com/oneiro-ndev/chaosnode
  version: 9c5ce943b8e7f03da849da11ad2b14f2babf0c45
  repo: git@github.com:oneiro-ndev/chaosnode.git
  subpackages:
  - pkg/chaos
  - pkg/chaos/backing
  - pkg/chaos/ns
  - pkg/chaos/query
- name: github.com/oneiro-ndev/chaostool
  version: 4028b4f1e83670fe41d01d945a5a3147fe9a7378
  repo: git@github.com:oneiro-ndev/chaostool.git
  subpackages:
  - pkg/tool
- name: github.com/oneiro-ndev/metanode
  version: 0f90c2d703f2be7836148eacd4e6136f61e04969
  repo: git@github.com:oneiro-ndev/metanode.git
  subpackages:
  - pkg/meta.app
  - pkg/meta.app/code
  - pkg/meta.transaction
- name: github.com/oneiro-ndev/msgp-well-known-types
  version: 20dbc66cfaa097bf8cdf60b740e0ac37251d07c3
  repo: git@github.com:oneiro-ndev/msgp-well-known-types.git
  subpackages:
  - wkt
- name: github.com/oneiro-ndev/ndaumath
  version: 7c09f881b764d0b6ffa4053158b0fe57a204ff8e
  repo: git@github.com:oneiro-ndev/ndaumath.git
  subpackages:
  - pkg/address
  - pkg/constants
  - pkg/types
- name: github.com/oneiro-ndev/noms-util
  version: 7711be769e350176643c97a46d4de3a113841fd8
  repo: git@github.com:oneiro-ndev/noms-util.git
- name: github.com/oneiro-ndev/signature
  version: ebc492ac9b70d9593d47eb2edfbac6f91613a8ec
  repo: git@github.com:oneiro-ndev/signature.git
  subpackages:
  - pkg/signature
- name: github.com/oneiro-ndev/whitelist
  version: f9950b022eeab826b83f535c133967bf96aa7977
  repo: git@github.com:oneiro-ndev/whitelist.git
  subpackages:
  - pkg/whitelist
- name: github.com/philhofer/fwd
  version: bb6d471dc95d4fe11e432687f8b70ff496cf3136
- name: github.com/pkg/errors
  version: 645ef00459ed84a119197bfb8d8205042c6df63d
- name: github.com/pmezard/go-difflib
  version: 792786c7400a136282c1664665ae0a8db921c6c2
  subpackages:
  - difflib
- name: github.com/rcrowley/go-metrics
  version: e2704e165165ec55d062f5919b4b29494e9fa790
- name: github.com/satori/go.uuid
  version: 36e9d2ebbde5e3f13ab2e25625fd453271d6522e
- name: github.com/stretchr/testify
  version: 12b6f73e6084dad08a7c6e575284b177ecafbc71
  subpackages:
  - assert
  - require
- name: github.com/syndtr/goleveldb
  version: 5d6fca44a948d2be89a9702de7717f0168403d3d
  subpackages:
  - leveldb
  - leveldb/cache
  - leveldb/comparer
  - leveldb/errors
  - leveldb/filter
  - leveldb/iterator
  - leveldb/journal
  - leveldb/memdb
  - leveldb/opt
  - leveldb/storage
  - leveldb/table
  - leveldb/util
- name: github.com/tendermint/abci
  version: 78a8905690ef54f9d57e3b2b0ee7ad3a04ef3f1f
  subpackages:
  - client
  - example/code
  - example/kvstore
  - server
  - types
- name: github.com/tendermint/ed25519
  version: d8387025d2b9d158cf4efb07e7ebf814bcce2057
  subpackages:
  - edwards25519
  - extra25519
- name: github.com/tendermint/go-crypto
  version: c3e19f3ea26f5c3357e0bcbb799b0761ef923755
- name: github.com/tendermint/go-wire
  version: fa721242b042ecd4c6ed1a934ee740db4f74e45c
  repo: https://github.com/tendermint/go-amino.git
  subpackages:
  - data
- name: github.com/tendermint/tendermint
  version: 4930b61a381b9fb9bc530eb5deb56ea6429a1c3a
  subpackages:
  - blockchain
  - config
  - consensus
  - consensus/types
  - evidence
  - mempool
  - node
  - p2p
  - p2p/conn
  - p2p/pex
  - p2p/trust
  - p2p/upnp
  - proxy
  - rpc/client
  - rpc/core
  - rpc/core/types
  - rpc/grpc
  - rpc/lib
  - rpc/lib/client
  - rpc/lib/server
  - rpc/lib/types
  - state
  - state/txindex
  - state/txindex/kv
  - state/txindex/null
  - types
  - types/priv_validator
  - version
  - wire
- name: github.com/tendermint/tmlibs
  version: 2e24b64fc121dcdf1cabceab8dc2f7257675483c
  subpackages:
  - autofile
  - clist
  - common
  - db
  - flowrate
  - log
  - merkle
  - pubsub
  - pubsub/query
- name: github.com/tinylib/msgp
  version: b2b6a672cf1e5b90748f79b8b81fc8c5cf0571a1
  subpackages:
  - msgp
- name: golang.org/x/crypto
  version: b47b1587369238182299fe4dad77d05b8b461e06
  subpackages:
  - curve25519
  - ed25519
  - ed25519/internal/edwards25519
  - nacl/box
  - nacl/secretbox
  - openpgp/armor
  - openpgp/errors
  - poly1305
  - ripemd160
  - salsa20/salsa
- name: golang.org/x/net
  version: 1e491301e022f8f977054da4c2d852decd59571f
  subpackages:
  - context
  - http/httpguts
  - http2
  - http2/hpack
  - idna
  - internal/timeseries
  - trace
- name: golang.org/x/sys
  version: c11f84a56e43e20a78cee75a7c034031ecf57d1f
  subpackages:
  - unix
- name: golang.org/x/text
  version: 5c1cf69b5978e5a34c5f9ba09a83e56acc4b7877
  subpackages:
  - secure/bidirule
  - transform
  - unicode/bidi
  - unicode/norm
- name: google.golang.org/genproto
  version: 81158efcc9f219c511e4d3c0d61a0e6e49c01a24
  subpackages:
  - googleapis/rpc/status
- name: google.golang.org/grpc
  version: 96cefb43cfc8b2cd3fed9f19f59830bc69e30093
  subpackages:
  - balancer
  - balancer/base
  - balancer/roundrobin
  - channelz
  - codes
  - connectivity
  - credentials
  - encoding
  - encoding/proto
  - grpclog
  - internal
  - internal/grpcrand
  - keepalive
  - metadata
  - naming
  - peer
  - resolver
  - resolver/dns
  - resolver/passthrough
  - stats
  - status
  - tap
  - transport
testImports: []
