hash: 8b74be22ae9cd539af7629746789efc93a3aec56f6ec63741278e32fa448620a
updated: 2018-11-15T10:01:44.577669-08:00
imports:
- name: github.com/alexflint/go-arg
  version: f7c0423bd11ee80ab81d25c6d46f492998af8547
- name: github.com/alexflint/go-scalar
  version: e80c3b7ed292b052c7083b6fd7154a8422c33f65
- name: github.com/attic-labs/graphql
  version: 917f92ca24a759a0e3bfd1b135850f9b0c04682e
  subpackages:
  - gqlerrors
  - language/ast
  - language/kinds
  - language/lexer
  - language/location
  - language/parser
  - language/printer
  - language/source
  - language/typeInfo
  - language/visitor
- name: github.com/attic-labs/noms
  version: 186e0939a5044b182bce9e60dea910bd6bcb5cd9
  repo: https://github.com/oneiro-ndev/noms.git
  subpackages:
  - go/chunks
  - go/constants
  - go/d
  - go/datas
  - go/hash
  - go/marshal
  - go/merge
  - go/metrics
  - go/nbs
  - go/ngql
  - go/nomdl
  - go/sloppy
  - go/spec
  - go/types
  - go/util/exit
  - go/util/functions
  - go/util/random
  - go/util/sizecache
  - go/util/verbose
  - go/util/writers
- name: github.com/aws/aws-sdk-go
  version: 52527d5d53f5c24f5b843d75cc7fbea7ad41db16
  subpackages:
  - aws
  - aws/awserr
  - aws/awsutil
  - aws/client
  - aws/client/metadata
  - aws/corehandlers
  - aws/credentials
  - aws/credentials/ec2rolecreds
  - aws/credentials/endpointcreds
  - aws/credentials/stscreds
  - aws/crr
  - aws/csm
  - aws/defaults
  - aws/ec2metadata
  - aws/endpoints
  - aws/request
  - aws/session
  - aws/signer/v4
  - internal/ini
  - internal/s3err
  - internal/sdkio
  - internal/sdkrand
  - internal/sdkuri
  - internal/shareddefaults
  - private/protocol
  - private/protocol/eventstream
  - private/protocol/eventstream/eventstreamapi
  - private/protocol/json/jsonutil
  - private/protocol/jsonrpc
  - private/protocol/query
  - private/protocol/query/queryutil
  - private/protocol/rest
  - private/protocol/restxml
  - private/protocol/xml/xmlutil
  - service/dynamodb
  - service/s3
  - service/sts
- name: github.com/beorn7/perks
  version: 3a771d992973f24aa725d07868b467d1ddfceafb
  subpackages:
  - quantile
- name: github.com/btcsuite/btcd
  version: 67e573d211ace594f1366b4ce9d39726c4b19bd0
  subpackages:
  - btcec
- name: github.com/BurntSushi/toml
  version: 3012a1dbe2e4bd1391d42b32f0577cb7bbc7f005
- name: github.com/davecgh/go-spew
  version: d8f796af33cc11cb798c1aaeb27a4ebc5099927d
  subpackages:
  - spew
- name: github.com/dustin/go-humanize
  version: 9f541cc9db5d55bce703bd99987c9d5cb8eea45e
- name: github.com/ebuchman/fail-test
  version: 95f809107225be108efcf10a3509e4ea6ceef3c4
- name: github.com/ericlagergren/decimal
  version: 0bb163153a5daa921bc8ccd715eeb2c50e11cb62
  subpackages:
  - internal/arith
  - internal/arith/checked
  - internal/c
- name: github.com/facebookgo/clock
  version: 600d898af40aa09a7a93ecb9265d87b0504b6f03
- name: github.com/facebookgo/limitgroup
  version: 6abd8d71ec01451d7f1929eacaa263bbe2935d05
- name: github.com/facebookgo/muster
  version: fd3d7953fd52354a74b9f6b3d70d0c9650c4ec2a
- name: github.com/go-kit/kit
  version: 0f5dceadc828705294351f22648ffc3b49f1c317
  subpackages:
  - log
  - log/level
  - log/term
  - metrics
  - metrics/discard
  - metrics/internal/lv
  - metrics/prometheus
- name: github.com/go-logfmt/logfmt
  version: 390ab7935ee28ec6b286364bba9b4dd6410cb3d5
- name: github.com/go-redis/redis
  version: b3d9bf10f6666b2ee5100a6f3f84f4caf3b4e37d
  subpackages:
  - internal
  - internal/consistenthash
  - internal/hashtag
  - internal/pool
  - internal/proto
  - internal/singleflight
  - internal/util
- name: github.com/go-zoo/bone
  version: 2270ec2a18cc13fba907d4ae5ad546a21473c0ed
- name: github.com/gogo/protobuf
  version: 07eab6a8298cf32fac45cceaac59424f98421bbc
  subpackages:
  - gogoproto
  - jsonpb
  - proto
  - protoc-gen-gogo/descriptor
  - sortkeys
  - types
- name: github.com/golang/protobuf
  version: 52132540909e117f2b98b0694383dc0ab1e1deca
  subpackages:
  - proto
  - ptypes
  - ptypes/any
  - ptypes/duration
  - ptypes/timestamp
- name: github.com/golang/snappy
  version: 2e65f85255dbc3072edf28d6b5b8efc472979f5a
- name: github.com/google/go-cmp
  version: 3af367b6b30c263d47e8895973edcca9a49cf029
- name: github.com/gorilla/websocket
  version: 483fb8d7c32fcb4b5636cd293a92e3935932e2f4
- name: github.com/honeycombio/libhoney-go
  version: bcf3e733a3d0b44635de98e172072b653032454a
- name: github.com/jawher/mow.cli
  version: 2f22195f169da29d54624afd9eb83ada5c9e4ee9
  subpackages:
  - internal/container
  - internal/flow
  - internal/fsm
  - internal/lexer
  - internal/matcher
  - internal/parser
  - internal/values
- name: github.com/jmespath/go-jmespath
  version: c2b33e8439af944379acbdd9c3a5fe0bc44bd8a5
- name: github.com/jmhodges/levigo
  version: c42d9e0ca023e2198120196f842701bb4c55d7b9
- name: github.com/jpillora/backoff
  version: 3050d21c67d7c46b07ca1b5e1be0b26669c8d04c
- name: github.com/juju/gnuflag
  version: 2ce1bb71843d6d179b3f1c1c9cb4a72cd067fc65
- name: github.com/julienschmidt/httprouter
  version: 26a05976f9bf5c3aa992cc20e8588c359418ee58
- name: github.com/kch42/buzhash
  version: 9bdec3dec7c611fa97beadc374d75bdf02cd880e
- name: github.com/kentquirk/boneful
  version: 3803229ab933de2ae9bc4809a89295b28286cf36
- name: github.com/konsorten/go-windows-terminal-sequences
  version: 5c8c8bd35d3832f5d134ae1e1e375b69a4d25242
- name: github.com/kr/logfmt
  version: b84e30acd515aadc4b783ad4ff83aff3299bdfe0
- name: github.com/matttproud/golang_protobuf_extensions
  version: c12348ce28de40eed0136aa2b644d0ee0650e56c
  subpackages:
  - pbutil
- name: github.com/oneiro-ndev/chaincode
  version: 48467a3d3695999ed63f7ddf54cb63d7146dda9b
  repo: git@github.com:oneiro-ndev/chaincode.git
  subpackages:
  - pkg/chain
  - pkg/vm
- name: github.com/oneiro-ndev/chaos
  version: 92ee9347d43169322c1145faf66484f7359fd97d
  repo: git@github.com:oneiro-ndev/chaos.git
  subpackages:
  - pkg/chaos
  - pkg/chaos/backing
  - pkg/chaos/ns
  - pkg/chaos/query
  - pkg/chaos/search
  - pkg/genesisfile
  - pkg/tool
- name: github.com/oneiro-ndev/chaos_genesis
  version: d00b8cf26e56cbc01f8e0f62e098c195b01250b4
  repo: git@github.com:oneiro-ndev/chaos_genesis.git
  subpackages:
  - pkg/genesis.generator
- name: github.com/oneiro-ndev/metanode
  version: 31b18a84d73240215c56b74206a44a7d159a0dc5
  repo: git@github.com:oneiro-ndev/metanode.git
  subpackages:
  - pkg/meta/app
  - pkg/meta/app/code
  - pkg/meta/search
  - pkg/meta/state
  - pkg/meta/transaction
- name: github.com/oneiro-ndev/msgp-well-known-types
  version: 20dbc66cfaa097bf8cdf60b740e0ac37251d07c3
  repo: git@github.com:oneiro-ndev/msgp-well-known-types.git
  subpackages:
  - wkt
- name: github.com/oneiro-ndev/mt19937_64
  version: 1d1d0a52998333e7fa73a1f10c93da267bacacac
- name: github.com/oneiro-ndev/ndaumath
  version: 99a1aae49a97cd0ec407ec9c19862f5299012d80
  repo: git@github.com:oneiro-ndev/ndaumath.git
  subpackages:
  - pkg/address
  - pkg/b32
  - pkg/bip32
  - pkg/bitset256
  - pkg/constants
  - pkg/eai
  - pkg/key
  - pkg/keyaddr
  - pkg/ndauerr
  - pkg/signature
  - pkg/signature/algorithms/ed25519
  - pkg/signature/algorithms/null
  - pkg/signature/algorithms/secp256k1
  - pkg/signed
  - pkg/types
  - pkg/unsigned
  - pkg/words
- name: github.com/oneiro-ndev/noms-util
  version: 7711be769e350176643c97a46d4de3a113841fd8
  repo: git@github.com:oneiro-ndev/noms-util.git
- name: github.com/oneiro-ndev/o11y
  version: 56253f7bc9986c67ffe49c0004ee90520a026917
  repo: git@github.com:oneiro-ndev/o11y.git
  subpackages:
  - pkg/honeycomb
- name: github.com/oneiro-ndev/system_vars
  version: 099b11ceb69af3a295b25b44c0d986f7dcd0ac62
  repo: git@github.com:oneiro-ndev/system_vars.git
  subpackages:
  - pkg/svi
  - pkg/system_vars
- name: github.com/oneiro-ndev/whitelist
  version: f9950b022eeab826b83f535c133967bf96aa7977
  repo: git@github.com:oneiro-ndev/whitelist.git
  subpackages:
  - pkg/whitelist
- name: github.com/oneiro-ndev/writers
  version: ff5d0f8112d9ad95049ea5adc6bd6e145153ff8b
  repo: git@github.com:oneiro-ndev/writers.git
  subpackages:
  - pkg/linewriter
  - pkg/testwriter
- name: github.com/philhofer/fwd
  version: bb6d471dc95d4fe11e432687f8b70ff496cf3136
- name: github.com/pkg/errors
  version: 059132a15dd08d6704c67711dae0cf35ab991756
- name: github.com/pmezard/go-difflib
  version: 792786c7400a136282c1664665ae0a8db921c6c2
  subpackages:
  - difflib
- name: github.com/prometheus/client_golang
  version: 3fb53dff765f8a3e0f9d8b1d5b86d4f8c4eb3a09
  subpackages:
  - prometheus
  - prometheus/internal
  - prometheus/promhttp
- name: github.com/prometheus/client_model
  version: 5c3871d89910bfb32f5fcab2aa4b9ec68e65a99f
  subpackages:
  - go
- name: github.com/prometheus/common
  version: 1f2c4f3cd6db5fd6f68f36af6b6d5d936fd93c4e
  subpackages:
  - expfmt
  - internal/bitbucket.org/ww/goautoneg
  - model
- name: github.com/prometheus/procfs
  version: 185b4288413d2a0dd0806f78c90dde719829e5ae
  subpackages:
  - internal/util
  - nfs
  - xfs
- name: github.com/rcrowley/go-metrics
  version: 3113b8401b8a98917cde58f8bbd42a1b1c03b1fd
- name: github.com/satori/go.uuid
  version: b2ce2384e17bbe0c6d34077efa39dbab3e09123b
- name: github.com/sigurn/crc16
  version: da416fad5162ac0f3338ba24dccdb26e4da22485
- name: github.com/sigurn/utils
  version: f19e41f79f8f006116f682c1af454591bc278ad4
- name: github.com/sirupsen/logrus
  version: 91da99df23e3bad7f384338a5a8f636d04093d9a
- name: github.com/stretchr/testify
  version: f35b8ab0b5a2cef36673838d662e249dd9c94686
  subpackages:
  - assert
  - require
- name: github.com/syndtr/goleveldb
  version: f9080354173f192dfc8821931eacf9cfd6819253
  subpackages:
  - leveldb
  - leveldb/cache
  - leveldb/comparer
  - leveldb/errors
  - leveldb/filter
  - leveldb/iterator
  - leveldb/journal
  - leveldb/memdb
  - leveldb/opt
  - leveldb/storage
  - leveldb/table
  - leveldb/util
- name: github.com/tendermint/btcd
  version: e5840949ff4fff0c56f9b6a541e22b63581ea9df
  subpackages:
  - btcec
- name: github.com/tendermint/ed25519
  version: d8387025d2b9d158cf4efb07e7ebf814bcce2057
  subpackages:
  - edwards25519
  - extra25519
- name: github.com/tendermint/go-amino
  version: a8328986c1608950fa5d3d1c0472cccc4f8fc02c
- name: github.com/tendermint/tendermint
  version: 0c9c3292c918617624f6f3fbcd95eceade18bcd5
  subpackages:
  - abci/client
  - abci/example/code
  - abci/example/kvstore
  - abci/server
  - abci/types
  - blockchain
  - config
  - consensus
  - consensus/types
  - crypto
  - crypto/ed25519
  - crypto/encoding/amino
  - crypto/merkle
  - crypto/multisig
  - crypto/multisig/bitarray
  - crypto/secp256k1
  - crypto/tmhash
  - evidence
  - libs/autofile
  - libs/clist
  - libs/common
  - libs/db
  - libs/errors
  - libs/events
  - libs/flowrate
  - libs/log
  - libs/pubsub
  - libs/pubsub/query
  - mempool
  - node
  - p2p
  - p2p/conn
  - p2p/pex
  - privval
  - proxy
  - rpc/client
  - rpc/core
  - rpc/core/types
  - rpc/grpc
  - rpc/lib
  - rpc/lib/client
  - rpc/lib/server
  - rpc/lib/types
  - state
  - state/txindex
  - state/txindex/kv
  - state/txindex/null
  - types
  - types/time
  - version
- name: github.com/tinylib/msgp
  version: b2b6a672cf1e5b90748f79b8b81fc8c5cf0571a1
  subpackages:
  - msgp
- name: github.com/ybbus/jsonrpc
  version: 649ede3181b7a6d7329afc6612b494434c641499
- name: golang.org/x/crypto
  version: 3d3f9f413869b949e48070b5bc593aa22cc2b8f2
  subpackages:
  - chacha20poly1305
  - curve25519
  - ed25519
  - ed25519/internal/edwards25519
  - hkdf
  - internal/chacha20
  - internal/subtle
  - nacl/box
  - nacl/secretbox
  - poly1305
  - ripemd160
  - salsa20/salsa
  - ssh/terminal
- name: golang.org/x/net
  version: adae6a3d119ae4890b46832a2e88a95adc62b8e7
  subpackages:
  - context
  - http/httpguts
  - http2
  - http2/hpack
  - idna
  - internal/timeseries
  - netutil
  - trace
- name: golang.org/x/sys
  version: 5ac8a444bdc56cee774f8f2b3382156bd27c63c3
  subpackages:
  - cpu
  - unix
  - windows
- name: golang.org/x/text
  version: 6f44c5a2ea40ee3593d98cdcc905cc1fdaa660e2
  subpackages:
  - secure/bidirule
  - transform
  - unicode/bidi
  - unicode/norm
- name: golang.org/x/tools
  version: f87c222f148786695d2ee5761b06751bb9211f61
  subpackages:
  - go/ast/astutil
- name: google.golang.org/genproto
  version: b5d43981345bdb2c233eb4bf3277847b48c6fdc6
  subpackages:
  - googleapis/rpc/status
- name: google.golang.org/grpc
  version: ef2b8e2f53fcd6654d12966394462f84e0f04066
  subpackages:
  - balancer
  - balancer/base
  - balancer/roundrobin
  - binarylog/grpc_binarylog_v1
  - codes
  - connectivity
  - credentials
  - credentials/internal
  - encoding
  - encoding/proto
  - grpclog
  - internal
  - internal/backoff
  - internal/binarylog
  - internal/channelz
  - internal/envconfig
  - internal/grpcrand
  - internal/grpcsync
  - internal/syscall
  - internal/transport
  - keepalive
  - metadata
  - naming
  - peer
  - resolver
  - resolver/dns
  - resolver/passthrough
  - stats
  - status
  - tap
- name: gopkg.in/alexcesaro/statsd.v2
  version: 7fea3f0d2fab1ad973e641e51dba45443a311a90
testImports: []
